PODS:
  - Alamofire (5.0.0-beta.3)
  - iOSSnapshotTestCase (6.0.0):
    - iOSSnapshotTestCase/SwiftSupport (= 6.0.0)
  - iOSSnapshotTestCase/Core (6.0.0)
  - iOSSnapshotTestCase/SwiftSupport (6.0.0):
    - iOSSnapshotTestCase/Core
  - Nimble (8.0.1)
  - Nimble-Snapshots (7.0.0):
    - Nimble-Snapshots/Core (= 7.0.0)
  - Nimble-Snapshots/Core (7.0.0):
    - iOSSnapshotTestCase (~> 6.0)
    - Nimble (~> 8.0)
  - Quick (2.0.0)
  - RxAtomic (4.4.2)
  - RxBlocking (4.4.2):
    - RxAtomic (>= 4.4.2, ~> 4.4)
    - RxSwift (>= 4.4.2, ~> 4.4)
  - RxCocoa (4.4.2):
    - RxSwift (>= 4.4.2, ~> 4.4)
  - RxSwift (4.4.2):
    - RxAtomic (>= 4.4.2, ~> 4.4)
  - RxTest (4.4.2):
    - RxAtomic (>= 4.4.2, ~> 4.4)
    - RxSwift (>= 4.4.2, ~> 4.4)
  - SnapKit (4.0.1)

DEPENDENCIES:
  - Alamofire (~> 5.0.0-beta.3)
  - Nimble
  - Nimble-Snapshots
  - Quick
  - RxBlocking (~> 4.0)
  - RxCocoa (~> 4.0)
  - RxSwift (~> 4.0)
  - RxTest (~> 4.0)
  - SnapKit (~> 4.0.0)

SPEC REPOS:
  https://github.com/cocoapods/specs.git:
    - Alamofire
    - iOSSnapshotTestCase
    - Nimble
    - Nimble-Snapshots
    - Quick
    - RxAtomic
    - RxBlocking
    - RxCocoa
    - RxSwift
    - RxTest
    - SnapKit

SPEC CHECKSUMS:
  Alamofire: 50d6fa7e8cbe7f84559e86ab641ffd029db655f8
  iOSSnapshotTestCase: f592adfdedffe6113a55528ce698ccc457a550f1
  Nimble: 45f786ae66faa9a709624227fae502db55a8bdd0
  Nimble-Snapshots: 2d6d712ceb2d1850d88f850fbd7c732618106022
  Quick: ce1276c7c27ba2da3cb2fd0cde053c3648b3b22d
  RxAtomic: d00e97c10db88c6f08540e0bf2752fc5a2404167
  RxBlocking: e96fdda1473d81332a6ed2cface935dc2167a122
  RxCocoa: 477990dc3b4c3ff55fb0ac77e1cc06244e0aaec8
  RxSwift: 74c29b693c8e42b0f64400e8b06564575742d649
  RxTest: 6433d5b6229f5de424fa534bc22b5e6c38b0b671
  SnapKit: 0de968a9fec17499afa29683b05d0c775b6d1c29

PODFILE CHECKSUM: a22ccb5b5fdf1c9197c2ab7d7aac5b13e68a2f59

COCOAPODS: 1.6.0
